
Microsoft Visual Studio Solution File, Format Version 11.00
# Visual Studio 2010
Project("{FAE04EC0-301F-11D3-BF4B-00C04F79EFBC}") = "SLC_Interface", "Assembly-CSharp-firstpass.csproj", "{8BDA83BD-AD41-A05C-770C-B40E0BB12F5B}"
EndProject
Project("{FAE04EC0-301F-11D3-BF4B-00C04F79EFBC}") = "SLC_Interface", "Assembly-CSharp.csproj", "{12CAEF34-68C7-B8A4-A72C-CD74BE82F11F}"
EndProject
Project("{FAE04EC0-301F-11D3-BF4B-00C04F79EFBC}") = "SLC_Interface", "Assembly-CSharp-Editor-firstpass.csproj", "{9552C302-184C-05A6-EE8D-8B9A0A42D8DA}"
EndProject
Global
	GlobalSection(SolutionConfigurationPlatforms) = preSolution
		Debug|Any CPU = Debug|Any CPU
		Release|Any CPU = Release|Any CPU
	EndGlobalSection
	GlobalSection(ProjectConfigurationPlatforms) = postSolution
		{8BDA83BD-AD41-A05C-770C-B40E0BB12F5B}.Debug|Any CPU.ActiveCfg = Debug|Any CPU
		{8BDA83BD-AD41-A05C-770C-B40E0BB12F5B}.Debug|Any CPU.Build.0 = Debug|Any CPU
		{8BDA83BD-AD41-A05C-770C-B40E0BB12F5B}.Release|Any CPU.ActiveCfg = Release|Any CPU
		{8BDA83BD-AD41-A05C-770C-B40E0BB12F5B}.Release|Any CPU.Build.0 = Release|Any CPU
		{12CAEF34-68C7-B8A4-A72C-CD74BE82F11F}.Debug|Any CPU.ActiveCfg = Debug|Any CPU
		{12CAEF34-68C7-B8A4-A72C-CD74BE82F11F}.Debug|Any CPU.Build.0 = Debug|Any CPU
		{12CAEF34-68C7-B8A4-A72C-CD74BE82F11F}.Release|Any CPU.ActiveCfg = Release|Any CPU
		{12CAEF34-68C7-B8A4-A72C-CD74BE82F11F}.Release|Any CPU.Build.0 = Release|Any CPU
		{9552C302-184C-05A6-EE8D-8B9A0A42D8DA}.Debug|Any CPU.ActiveCfg = Debug|Any CPU
		{9552C302-184C-05A6-EE8D-8B9A0A42D8DA}.Debug|Any CPU.Build.0 = Debug|Any CPU
		{9552C302-184C-05A6-EE8D-8B9A0A42D8DA}.Release|Any CPU.ActiveCfg = Release|Any CPU
		{9552C302-184C-05A6-EE8D-8B9A0A42D8DA}.Release|Any CPU.Build.0 = Release|Any CPU
	EndGlobalSection
	GlobalSection(SolutionProperties) = preSolution
		HideSolutionNode = FALSE
	EndGlobalSection
	GlobalSection(MonoDevelopProperties) = preSolution
		StartupItem = Assembly-CSharp.csproj
	EndGlobalSection
EndGlobal
